{
  "name": "@ecommerce/libs",
  "version": "1.0.0",
  "lockfileVersion": 3,
  "requires": true,
  "packages": {
    "": {
      "name": "@ecommerce/libs",
      "version": "1.0.0",
      "dependencies": {
        "@ecommerce/libs": "file:"
      }
    },
    "node_modules/@ecommerce/libs": {
      "resolved": "",
      "link": true
    }
  }
}
